
Microsoft Visual Studio Solution File, Format Version 12.00
# Visual Studio Version 16
VisualStudioVersion = 16.0.31005.135
MinimumVisualStudioVersion = 10.0.40219.1
Project("{FAE04EC0-301F-11D3-BF4B-00C04F79EFBC}") = "Stonks.Web", "Stonks.Web\Stonks.Web.csproj", "{3BFDF9D8-9023-4746-9A07-75B29D7205DB}"
EndProject
Project("{FAE04EC0-301F-11D3-BF4B-00C04F79EFBC}") = "Stonks.Services", "Stonks.Services\Stonks.Services.csproj", "{7ADCD41F-BFB2-4356-B610-DD85CF92BFA5}"
EndProject
Project("{FAE04EC0-301F-11D3-BF4B-00C04F79EFBC}") = "Stonks.Models", "Stonks.Models\Stonks.Models.csproj", "{14D862E2-F65E-4DED-96A0-BAFD2FA377E5}"
EndProject
Global
	GlobalSection(SolutionConfigurationPlatforms) = preSolution
		Debug|Any CPU = Debug|Any CPU
		Release|Any CPU = Release|Any CPU
	EndGlobalSection
	GlobalSection(ProjectConfigurationPlatforms) = postSolution
		{3BFDF9D8-9023-4746-9A07-75B29D7205DB}.Debug|Any CPU.ActiveCfg = Debug|Any CPU
		{3BFDF9D8-9023-4746-9A07-75B29D7205DB}.Debug|Any CPU.Build.0 = Debug|Any CPU
		{3BFDF9D8-9023-4746-9A07-75B29D7205DB}.Release|Any CPU.ActiveCfg = Release|Any CPU
		{3BFDF9D8-9023-4746-9A07-75B29D7205DB}.Release|Any CPU.Build.0 = Release|Any CPU
		{7ADCD41F-BFB2-4356-B610-DD85CF92BFA5}.Debug|Any CPU.ActiveCfg = Debug|Any CPU
		{7ADCD41F-BFB2-4356-B610-DD85CF92BFA5}.Debug|Any CPU.Build.0 = Debug|Any CPU
		{7ADCD41F-BFB2-4356-B610-DD85CF92BFA5}.Release|Any CPU.ActiveCfg = Release|Any CPU
		{7ADCD41F-BFB2-4356-B610-DD85CF92BFA5}.Release|Any CPU.Build.0 = Release|Any CPU
		{14D862E2-F65E-4DED-96A0-BAFD2FA377E5}.Debug|Any CPU.ActiveCfg = Debug|Any CPU
		{14D862E2-F65E-4DED-96A0-BAFD2FA377E5}.Debug|Any CPU.Build.0 = Debug|Any CPU
		{14D862E2-F65E-4DED-96A0-BAFD2FA377E5}.Release|Any CPU.ActiveCfg = Release|Any CPU
		{14D862E2-F65E-4DED-96A0-BAFD2FA377E5}.Release|Any CPU.Build.0 = Release|Any CPU
	EndGlobalSection
	GlobalSection(SolutionProperties) = preSolution
		HideSolutionNode = FALSE
	EndGlobalSection
	GlobalSection(ExtensibilityGlobals) = postSolution
		SolutionGuid = {34D099D1-C6A3-4300-ABCA-CCBDAE7967BB}
	EndGlobalSection
EndGlobal
